
Microsoft Visual Studio Solution File, Format Version 12.00
# Visual Studio Version 16
VisualStudioVersion = 16.0.808.3
MinimumVisualStudioVersion = 10.0.40219.1
Project("{FAE04EC0-301F-11D3-BF4B-00C04F79EFBC}") = "Scryber.Core.Docker.API", "Scryber.Core.Docker.API\Scryber.Core.Docker.API.csproj", "{5B212555-6D92-488F-801D-02CBFE4FC6B8}"
EndProject
Project("{E53339B2-1760-4266-BCC7-CA923CBCF16C}") = "docker-compose", "docker-compose.dcproj", "{3515B240-5378-40BF-9973-0081F1C3E6A5}"
EndProject
Global
	GlobalSection(SolutionConfigurationPlatforms) = preSolution
		Debug|Any CPU = Debug|Any CPU
		Release|Any CPU = Release|Any CPU
	EndGlobalSection
	GlobalSection(ProjectConfigurationPlatforms) = postSolution
		{5B212555-6D92-488F-801D-02CBFE4FC6B8}.Debug|Any CPU.ActiveCfg = Debug|Any CPU
		{5B212555-6D92-488F-801D-02CBFE4FC6B8}.Debug|Any CPU.Build.0 = Debug|Any CPU
		{5B212555-6D92-488F-801D-02CBFE4FC6B8}.Release|Any CPU.ActiveCfg = Release|Any CPU
		{5B212555-6D92-488F-801D-02CBFE4FC6B8}.Release|Any CPU.Build.0 = Release|Any CPU
		{3515B240-5378-40BF-9973-0081F1C3E6A5}.Debug|Any CPU.ActiveCfg = Debug|Any CPU
		{3515B240-5378-40BF-9973-0081F1C3E6A5}.Debug|Any CPU.Build.0 = Debug|Any CPU
		{3515B240-5378-40BF-9973-0081F1C3E6A5}.Release|Any CPU.ActiveCfg = Release|Any CPU
		{3515B240-5378-40BF-9973-0081F1C3E6A5}.Release|Any CPU.Build.0 = Release|Any CPU
	EndGlobalSection
	GlobalSection(SolutionProperties) = preSolution
		HideSolutionNode = FALSE
	EndGlobalSection
	GlobalSection(ExtensibilityGlobals) = postSolution
		SolutionGuid = {AF26350E-6061-4442-B766-245385F27E37}
	EndGlobalSection
EndGlobal
